// !$*UTF8*$!
{
	archiveVersion = 1;
	classes = {
	};
	objectVersion = 50;
	objects = {

/* Begin PBXBuildFile section */
		942E635521187F21001F6F4E /* AppDelegate.swift in Sources */ = {isa = PBXBuildFile; fileRef = 942E635421187F21001F6F4E /* AppDelegate.swift */; };
		942E635721187F21001F6F4E /* ViewController.swift in Sources */ = {isa = PBXBuildFile; fileRef = 942E635621187F21001F6F4E /* ViewController.swift */; };
		942E635A21187F21001F6F4E /* Main.storyboard in Resources */ = {isa = PBXBuildFile; fileRef = 942E635821187F21001F6F4E /* Main.storyboard */; };
		942E635C21187F22001F6F4E /* Assets.xcassets in Resources */ = {isa = PBXBuildFile; fileRef = 942E635B21187F22001F6F4E /* Assets.xcassets */; };
		942E635F21187F22001F6F4E /* LaunchScreen.storyboard in Resources */ = {isa = PBXBuildFile; fileRef = 942E635D21187F22001F6F4E /* LaunchScreen.storyboard */; };
		942E636A21187F22001F6F4E /* ConcentrationTests.swift in Sources */ = {isa = PBXBuildFile; fileRef = 942E636921187F22001F6F4E /* ConcentrationTests.swift */; };
		942E637521187F22001F6F4E /* ConcentrationUITests.swift in Sources */ = {isa = PBXBuildFile; fileRef = 942E637421187F22001F6F4E /* ConcentrationUITests.swift */; };
		942E63832118DDF0001F6F4E /* Concentration.swift in Sources */ = {isa = PBXBuildFile; fileRef = 942E63822118DDF0001F6F4E /* Concentration.swift */; };
		942E63852118E0BB001F6F4E /* Card.swift in Sources */ = {isa = PBXBuildFile; fileRef = 942E63842118E0BB001F6F4E /* Card.swift */; };
/* End PBXBuildFile section */

/* Begin PBXContainerItemProxy section */
		942E636621187F22001F6F4E /* PBXContainerItemProxy */ = {
			isa = PBXContainerItemProxy;
			containerPortal = 942E634921187F21001F6F4E /* Project object */;
			proxyType = 1;
			remoteGlobalIDString = 942E635021187F21001F6F4E;
			remoteInfo = Concentration;
		};
		942E637121187F22001F6F4E /* PBXContainerItemProxy */ = {
			isa = PBXContainerItemProxy;
			containerPortal = 942E634921187F21001F6F4E /* Project object */;
			proxyType = 1;
			remoteGlobalIDString = 942E635021187F21001F6F4E;
			remoteInfo = Concentration;
		};
/* End PBXContainerItemProxy section */

/* Begin PBXFileReference section */
		942E635121187F21001F6F4E /* Concentration.app */ = {isa = PBXFileReference; explicitFileType = wrapper.application; includeInIndex = 0; path = Concentration.app; sourceTree = BUILT_PRODUCTS_DIR; };
		942E635421187F21001F6F4E /* AppDelegate.swift */ = {isa = PBXFileReference; lastKnownFileType = sourcecode.swift; path = AppDelegate.swift; sourceTree = "<group>"; };
		942E635621187F21001F6F4E /* ViewController.swift */ = {isa = PBXFileReference; lastKnownFileType = sourcecode.swift; path = ViewController.swift; sourceTree = "<group>"; };
		942E635921187F21001F6F4E /* Base */ = {isa = PBXFileReference; lastKnownFileType = file.storyboard; name = Base; path = Base.lproj/Main.storyboard; sourceTree = "<group>"; };
		942E635B21187F22001F6F4E /* Assets.xcassets */ = {isa = PBXFileReference; lastKnownFileType = folder.assetcatalog; path = Assets.xcassets; sourceTree = "<group>"; };
		942E635E21187F22001F6F4E /* Base */ = {isa = PBXFileReference; lastKnownFileType = file.storyboard; name = Base; path = Base.lproj/LaunchScreen.storyboard; sourceTree = "<group>"; };
		942E636021187F22001F6F4E /* Info.plist */ = {isa = PBXFileReference; lastKnownFileType = text.plist.xml; path = Info.plist; sourceTree = "<group>"; };
		942E636521187F22001F6F4E /* ConcentrationTests.xctest */ = {isa = PBXFileReference; explicitFileType = wrapper.cfbundle; includeInIndex = 0; path = ConcentrationTests.xctest; sourceTree = BUILT_PRODUCTS_DIR; };
		942E636921187F22001F6F4E /* ConcentrationTests.swift */ = {isa = PBXFileReference; lastKnownFileType = sourcecode.swift; path = ConcentrationTests.swift; sourceTree = "<group>"; };
		942E636B21187F22001F6F4E /* Info.plist */ = {isa = PBXFileReference; lastKnownFileType = text.plist.xml; path = Info.plist; sourceTree = "<group>"; };
		942E637021187F22001F6F4E /* ConcentrationUITests.xctest */ = {isa = PBXFileReference; explicitFileType = wrapper.cfbundle; includeInIndex = 0; path = ConcentrationUITests.xctest; sourceTree = BUILT_PRODUCTS_DIR; };
		942E637421187F22001F6F4E /* ConcentrationUITests.swift */ = {isa = PBXFileReference; lastKnownFileType = sourcecode.swift; path = ConcentrationUITests.swift; sourceTree = "<group>"; };
		942E637621187F22001F6F4E /* Info.plist */ = {isa = PBXFileReference; lastKnownFileType = text.plist.xml; path = Info.plist; sourceTree = "<group>"; };
		942E63822118DDF0001F6F4E /* Concentration.swift */ = {isa = PBXFileReference; lastKnownFileType = sourcecode.swift; path = Concentration.swift; sourceTree = "<group>"; };
		942E63842118E0BB001F6F4E /* Card.swift */ = {isa = PBXFileReference; lastKnownFileType = sourcecode.swift; path = Card.swift; sourceTree = "<group>"; };
/* End PBXFileReference section */

/* Begin PBXFrameworksBuildPhase section */
		942E634E21187F21001F6F4E /* Frameworks */ = {
			isa = PBXFrameworksBuildPhase;
			buildActionMask = 2147483647;
			files = (
			);
			runOnlyForDeploymentPostprocessing = 0;
		};
		942E636221187F22001F6F4E /* Frameworks */ = {
			isa = PBXFrameworksBuildPhase;
			buildActionMask = 2147483647;
			files = (
			);
			runOnlyForDeploymentPostprocessing = 0;
		};
		942E636D21187F22001F6F4E /* Frameworks */ = {
			isa = PBXFrameworksBuildPhase;
			buildActionMask = 2147483647;
			files = (
			);
			runOnlyForDeploymentPostprocessing = 0;
		};
/* End PBXFrameworksBuildPhase section */

/* Begin PBXGroup section */
		942E634821187F21001F6F4E = {
			isa = PBXGroup;
			children = (
				942E635321187F21001F6F4E /* Concentration */,
				942E636821187F22001F6F4E /* ConcentrationTests */,
				942E637321187F22001F6F4E /* ConcentrationUITests */,
				942E635221187F21001F6F4E /* Products */,
			);
			sourceTree = "<group>";
		};
		942E635221187F21001F6F4E /* Products */ = {
			isa = PBXGroup;
			children = (
				942E635121187F21001F6F4E /* Concentration.app */,
				942E636521187F22001F6F4E /* ConcentrationTests.xctest */,
				942E637021187F22001F6F4E /* ConcentrationUITests.xctest */,
			);
			name = Products;
			sourceTree = "<group>";
		};
		942E635321187F21001F6F4E /* Concentration */ = {
			isa = PBXGroup;
			children = (
				942E635421187F21001F6F4E /* AppDelegate.swift */,
				942E635621187F21001F6F4E /* ViewController.swift */,
				942E635821187F21001F6F4E /* Main.storyboard */,
				942E63822118DDF0001F6F4E /* Concentration.swift */,
				942E63842118E0BB001F6F4E /* Card.swift */,
				942E635B21187F22001F6F4E /* Assets.xcassets */,
				942E635D21187F22001F6F4E /* LaunchScreen.storyboard */,
				942E636021187F22001F6F4E /* Info.plist */,
			);
			path = Concentration;
			sourceTree = "<group>";
		};
		942E636821187F22001F6F4E /* ConcentrationTests */ = {
			isa = PBXGroup;
			children = (
				942E636921187F22001F6F4E /* ConcentrationTests.swift */,
				942E636B21187F22001F6F4E /* Info.plist */,
			);
			path = ConcentrationTests;
			sourceTree = "<group>";
		};
		942E637321187F22001F6F4E /* ConcentrationUITests */ = {
			isa = PBXGroup;
			children = (
				942E637421187F22001F6F4E /* ConcentrationUITests.swift */,
				942E637621187F22001F6F4E /* Info.plist */,
			);
			path = ConcentrationUITests;
			sourceTree = "<group>";
		};
/* End PBXGroup section */

/* Begin PBXNativeTarget section */
		942E635021187F21001F6F4E /* Concentration */ = {
			isa = PBXNativeTarget;
			buildConfigurationList = 942E637921187F22001F6F4E /* Build configuration list for PBXNativeTarget "Concentration" */;
			buildPhases = (
				942E634D21187F21001F6F4E /* Sources */,
				942E634E21187F21001F6F4E /* Frameworks */,
				942E634F21187F21001F6F4E /* Resources */,
			);
			buildRules = (
			);
			dependencies = (
			);
			name = Concentration;
			productName = Concentration;
			productReference = 942E635121187F21001F6F4E /* Concentration.app */;
			productType = "com.apple.product-type.application";
		};
		942E636421187F22001F6F4E /* ConcentrationTests */ = {
			isa = PBXNativeTarget;
			buildConfigurationList = 942E637C21187F22001F6F4E /* Build configuration list for PBXNativeTarget "ConcentrationTests" */;
			buildPhases = (
				942E636121187F22001F6F4E /* Sources */,
				942E636221187F22001F6F4E /* Frameworks */,
				942E636321187F22001F6F4E /* Resources */,
			);
			buildRules = (
			);
			dependencies = (
				942E636721187F22001F6F4E /* PBXTargetDependency */,
			);
			name = ConcentrationTests;
			productName = ConcentrationTests;
			productReference = 942E636521187F22001F6F4E /* ConcentrationTests.xctest */;
			productType = "com.apple.product-type.bundle.unit-test";
		};
		942E636F21187F22001F6F4E /* ConcentrationUITests */ = {
			isa = PBXNativeTarget;
			buildConfigurationList = 942E637F21187F22001F6F4E /* Build configuration list for PBXNativeTarget "ConcentrationUITests" */;
			buildPhases = (
				942E636C21187F22001F6F4E /* Sources */,
				942E636D21187F22001F6F4E /* Frameworks */,
				942E636E21187F22001F6F4E /* Resources */,
			);
			buildRules = (
			);
			dependencies = (
				942E637221187F22001F6F4E /* PBXTargetDependency */,
			);
			name = ConcentrationUITests;
			productName = ConcentrationUITests;
			productReference = 942E637021187F22001F6F4E /* ConcentrationUITests.xctest */;
			productType = "com.apple.product-type.bundle.ui-testing";
		};
/* End PBXNativeTarget section */

/* Begin PBXProject section */
		942E634921187F21001F6F4E /* Project object */ = {
			isa = PBXProject;
			attributes = {
				LastSwiftUpdateCheck = 0940;
				LastUpgradeCheck = 0940;
				ORGANIZATIONNAME = "Alan Campbell";
				TargetAttributes = {
					942E635021187F21001F6F4E = {
						CreatedOnToolsVersion = 9.4.1;
					};
					942E636421187F22001F6F4E = {
						CreatedOnToolsVersion = 9.4.1;
						TestTargetID = 942E635021187F21001F6F4E;
					};
					942E636F21187F22001F6F4E = {
						CreatedOnToolsVersion = 9.4.1;
						TestTargetID = 942E635021187F21001F6F4E;
					};
				};
			};
			buildConfigurationList = 942E634C21187F21001F6F4E /* Build configuration list for PBXProject "Concentration" */;
			compatibilityVersion = "Xcode 9.3";
			developmentRegion = en;
			hasScannedForEncodings = 0;
			knownRegions = (
				en,
				Base,
			);
			mainGroup = 942E634821187F21001F6F4E;
			productRefGroup = 942E635221187F21001F6F4E /* Products */;
			projectDirPath = "";
			projectRoot = "";
			targets = (
				942E635021187F21001F6F4E /* Concentration */,
				942E636421187F22001F6F4E /* ConcentrationTests */,
				942E636F21187F22001F6F4E /* ConcentrationUITests */,
			);
		};
/* End PBXProject section */

/* Begin PBXResourcesBuildPhase section */
		942E634F21187F21001F6F4E /* Resources */ = {
			isa = PBXResourcesBuildPhase;
			buildActionMask = 2147483647;
			files = (
				942E635F21187F22001F6F4E /* LaunchScreen.storyboard in Resources */,
				942E635C21187F22001F6F4E /* Assets.xcassets in Resources */,
				942E635A21187F21001F6F4E /* Main.storyboard in Resources */,
			);
			runOnlyForDeploymentPostprocessing = 0;
		};
		942E636321187F22001F6F4E /* Resources */ = {
			isa = PBXResourcesBuildPhase;
			buildActionMask = 2147483647;
			files = (
			);
			runOnlyForDeploymentPostprocessing = 0;
		};
		942E636E21187F22001F6F4E /* Resources */ = {
			isa = PBXResourcesBuildPhase;
			buildActionMask = 2147483647;
			files = (
			);
			runOnlyForDeploymentPostprocessing = 0;
		};
/* End PBXResourcesBuildPhase section */

/* Begin PBXSourcesBuildPhase section */
		942E634D21187F21001F6F4E /* Sources */ = {
			isa = PBXSourcesBuildPhase;
			buildActionMask = 2147483647;
			files = (
				942E635721187F21001F6F4E /* ViewController.swift in Sources */,
				942E635521187F21001F6F4E /* AppDelegate.swift in Sources */,
				942E63832118DDF0001F6F4E /* Concentration.swift in Sources */,
				942E63852118E0BB001F6F4E /* Card.swift in Sources */,
			);
			runOnlyForDeploymentPostprocessing = 0;
		};
		942E636121187F22001F6F4E /* Sources */ = {
			isa = PBXSourcesBuildPhase;
			buildActionMask = 2147483647;
			files = (
				942E636A21187F22001F6F4E /* ConcentrationTests.swift in Sources */,
			);
			runOnlyForDeploymentPostprocessing = 0;
		};
		942E636C21187F22001F6F4E /* Sources */ = {
			isa = PBXSourcesBuildPhase;
			buildActionMask = 2147483647;
			files = (
				942E637521187F22001F6F4E /* ConcentrationUITests.swift in Sources */,
			);
			runOnlyForDeploymentPostprocessing = 0;
		};
/* End PBXSourcesBuildPhase section */

/* Begin PBXTargetDependency section */
		942E636721187F22001F6F4E /* PBXTargetDependency */ = {
			isa = PBXTargetDependency;
			target = 942E635021187F21001F6F4E /* Concentration */;
			targetProxy = 942E636621187F22001F6F4E /* PBXContainerItemProxy */;
		};
		942E637221187F22001F6F4E /* PBXTargetDependency */ = {
			isa = PBXTargetDependency;
			target = 942E635021187F21001F6F4E /* Concentration */;
			targetProxy = 942E637121187F22001F6F4E /* PBXContainerItemProxy */;
		};
/* End PBXTargetDependency section */

/* Begin PBXVariantGroup section */
		942E635821187F21001F6F4E /* Main.storyboard */ = {
			isa = PBXVariantGroup;
			children = (
				942E635921187F21001F6F4E /* Base */,
			);
			name = Main.storyboard;
			sourceTree = "<group>";
		};
		942E635D21187F22001F6F4E /* LaunchScreen.storyboard */ = {
			isa = PBXVariantGroup;
			children = (
				942E635E21187F22001F6F4E /* Base */,
			);
			name = LaunchScreen.storyboard;
			sourceTree = "<group>";
		};
/* End PBXVariantGroup section */

/* Begin XCBuildConfiguration section */
		942E637721187F22001F6F4E /* Debug */ = {
			isa = XCBuildConfiguration;
			buildSettings = {
				ALWAYS_SEARCH_USER_PATHS = NO;
				CLANG_ANALYZER_NONNULL = YES;
				CLANG_ANALYZER_NUMBER_OBJECT_CONVERSION = YES_AGGRESSIVE;
				CLANG_CXX_LANGUAGE_STANDARD = "gnu++14";
				CLANG_CXX_LIBRARY = "libc++";
				CLANG_ENABLE_MODULES = YES;
				CLANG_ENABLE_OBJC_ARC = YES;
				CLANG_ENABLE_OBJC_WEAK = YES;
				CLANG_WARN_BLOCK_CAPTURE_AUTORELEASING = YES;
				CLANG_WARN_BOOL_CONVERSION = YES;
				CLANG_WARN_COMMA = YES;
				CLANG_WARN_CONSTANT_CONVERSION = YES;
				CLANG_WARN_DEPRECATED_OBJC_IMPLEMENTATIONS = YES;
				CLANG_WARN_DIRECT_OBJC_ISA_USAGE = YES_ERROR;
				CLANG_WARN_DOCUMENTATION_COMMENTS = YES;
				CLANG_WARN_EMPTY_BODY = YES;
				CLANG_WARN_ENUM_CONVERSION = YES;
				CLANG_WARN_INFINITE_RECURSION = YES;
				CLANG_WARN_INT_CONVERSION = YES;
				CLANG_WARN_NON_LITERAL_NULL_CONVERSION = YES;
				CLANG_WARN_OBJC_IMPLICIT_RETAIN_SELF = YES;
				CLANG_WARN_OBJC_LITERAL_CONVERSION = YES;
				CLANG_WARN_OBJC_ROOT_CLASS = YES_ERROR;
				CLANG_WARN_RANGE_LOOP_ANALYSIS = YES;
				CLANG_WARN_STRICT_PROTOTYPES = YES;
				CLANG_WARN_SUSPICIOUS_MOVE = YES;
				CLANG_WARN_UNGUARDED_AVAILABILITY = YES_AGGRESSIVE;
				CLANG_WARN_UNREACHABLE_CODE = YES;
				CLANG_WARN__DUPLICATE_METHOD_MATCH = YES;
				CODE_SIGN_IDENTITY = "iPhone Developer";
				COPY_PHASE_STRIP = NO;
				DEBUG_INFORMATION_FORMAT = dwarf;
				ENABLE_STRICT_OBJC_MSGSEND = YES;
				ENABLE_TESTABILITY = YES;
				GCC_C_LANGUAGE_STANDARD = gnu11;
				GCC_DYNAMIC_NO_PIC = NO;
				GCC_NO_COMMON_BLOCKS = YES;
				GCC_OPTIMIZATION_LEVEL = 0;
				GCC_PREPROCESSOR_DEFINITIONS = (
					"DEBUG=1",
					"$(inherited)",
				);
				GCC_WARN_64_TO_32_BIT_CONVERSION = YES;
				GCC_WARN_ABOUT_RETURN_TYPE = YES_ERROR;
				GCC_WARN_UNDECLARED_SELECTOR = YES;
				GCC_WARN_UNINITIALIZED_AUTOS = YES_AGGRESSIVE;
				GCC_WARN_UNUSED_FUNCTION = YES;
				GCC_WARN_UNUSED_VARIABLE = YES;
				IPHONEOS_DEPLOYMENT_TARGET = 11.4;
				MTL_ENABLE_DEBUG_INFO = YES;
				ONLY_ACTIVE_ARCH = YES;
				SDKROOT = iphoneos;
				SWIFT_ACTIVE_COMPILATION_CONDITIONS = DEBUG;
				SWIFT_OPTIMIZATION_LEVEL = "-Onone";
			};
			name = Debug;
		};
		942E637821187F22001F6F4E /* Release */ = {
			isa = XCBuildConfiguration;
			buildSettings = {
				ALWAYS_SEARCH_USER_PATHS = NO;
				CLANG_ANALYZER_NONNULL = YES;
				CLANG_ANALYZER_NUMBER_OBJECT_CONVERSION = YES_AGGRESSIVE;
				CLANG_CXX_LANGUAGE_STANDARD = "gnu++14";
				CLANG_CXX_LIBRARY = "libc++";
				CLANG_ENABLE_MODULES = YES;
				CLANG_ENABLE_OBJC_ARC = YES;
				CLANG_ENABLE_OBJC_WEAK = YES;
				CLANG_WARN_BLOCK_CAPTURE_AUTORELEASING = YES;
				CLANG_WARN_BOOL_CONVERSION = YES;
				CLANG_WARN_COMMA = YES;
				CLANG_WARN_CONSTANT_CONVERSION = YES;
				CLANG_WARN_DEPRECATED_OBJC_IMPLEMENTATIONS = YES;
				CLANG_WARN_DIRECT_OBJC_ISA_USAGE = YES_ERROR;
				CLANG_WARN_DOCUMENTATION_COMMENTS = YES;
				CLANG_WARN_EMPTY_BODY = YES;
				CLANG_WARN_ENUM_CONVERSION = YES;
				CLANG_WARN_INFINITE_RECURSION = YES;
				CLANG_WARN_INT_CONVERSION = YES;
				CLANG_WARN_NON_LITERAL_NULL_CONVERSION = YES;
				CLANG_WARN_OBJC_IMPLICIT_RETAIN_SELF = YES;
				CLANG_WARN_OBJC_LITERAL_CONVERSION = YES;
				CLANG_WARN_OBJC_ROOT_CLASS = YES_ERROR;
				CLANG_WARN_RANGE_LOOP_ANALYSIS = YES;
				CLANG_WARN_STRICT_PROTOTYPES = YES;
				CLANG_WARN_SUSPICIOUS_MOVE = YES;
				CLANG_WARN_UNGUARDED_AVAILABILITY = YES_AGGRESSIVE;
				CLANG_WARN_UNREACHABLE_CODE = YES;
				CLANG_WARN__DUPLICATE_METHOD_MATCH = YES;
				CODE_SIGN_IDENTITY = "iPhone Developer";
				COPY_PHASE_STRIP = NO;
				DEBUG_INFORMATION_FORMAT = "dwarf-with-dsym";
				ENABLE_NS_ASSERTIONS = NO;
				ENABLE_STRICT_OBJC_MSGSEND = YES;
				GCC_C_LANGUAGE_STANDARD = gnu11;
				GCC_NO_COMMON_BLOCKS = YES;
				GCC_WARN_64_TO_32_BIT_CONVERSION = YES;
				GCC_WARN_ABOUT_RETURN_TYPE = YES_ERROR;
				GCC_WARN_UNDECLARED_SELECTOR = YES;
				GCC_WARN_UNINITIALIZED_AUTOS = YES_AGGRESSIVE;
				GCC_WARN_UNUSED_FUNCTION = YES;
				GCC_WARN_UNUSED_VARIABLE = YES;
				IPHONEOS_DEPLOYMENT_TARGET = 11.4;
				MTL_ENABLE_DEBUG_INFO = NO;
				SDKROOT = iphoneos;
				SWIFT_COMPILATION_MODE = wholemodule;
				SWIFT_OPTIMIZATION_LEVEL = "-O";
				VALIDATE_PRODUCT = YES;
			};
			name = Release;
		};
		942E637A21187F22001F6F4E /* Debug */ = {
			isa = XCBuildConfiguration;
			buildSettings = {
				ASSETCATALOG_COMPILER_APPICON_NAME = AppIcon;
				CODE_SIGN_STYLE = Automatic;
				DEVELOPMENT_TEAM = 6U549U6Y2F;
				INFOPLIST_FILE = Concentration/Info.plist;
				LD_RUNPATH_SEARCH_PATHS = (
					"$(inherited)",
					"@executable_path/Frameworks",
				);
				PRODUCT_BUNDLE_IDENTIFIER = acsw.Concentration;
				PRODUCT_NAME = "$(TARGET_NAME)";
				SWIFT_VERSION = 4.0;
				TARGETED_DEVICE_FAMILY = "1,2";
			};
			name = Debug;
		};
		942E637B21187F22001F6F4E /* Release */ = {
			isa = XCBuildConfiguration;
			buildSettings = {
				ASSETCATALOG_COMPILER_APPICON_NAME = AppIcon;
				CODE_SIGN_STYLE = Automatic;
				DEVELOPMENT_TEAM = 6U549U6Y2F;
				INFOPLIST_FILE = Concentration/Info.plist;
				LD_RUNPATH_SEARCH_PATHS = (
					"$(inherited)",
					"@executable_path/Frameworks",
				);
				PRODUCT_BUNDLE_IDENTIFIER = acsw.Concentration;
				PRODUCT_NAME = "$(TARGET_NAME)";
				SWIFT_VERSION = 4.0;
				TARGETED_DEVICE_FAMILY = "1,2";
			};
			name = Release;
		};
		942E637D21187F22001F6F4E /* Debug */ = {
			isa = XCBuildConfiguration;
			buildSettings = {
				ALWAYS_EMBED_SWIFT_STANDARD_LIBRARIES = YES;
				BUNDLE_LOADER = "$(TEST_HOST)";
				CODE_SIGN_STYLE = Automatic;
				DEVELOPMENT_TEAM = 6U549U6Y2F;
				INFOPLIST_FILE = ConcentrationTests/Info.plist;
				LD_RUNPATH_SEARCH_PATHS = (
					"$(inherited)",
					"@executable_path/Frameworks",
					"@loader_path/Frameworks",
				);
				PRODUCT_BUNDLE_IDENTIFIER = acsw.ConcentrationTests;
				PRODUCT_NAME = "$(TARGET_NAME)";
				SWIFT_VERSION = 4.0;
				TARGETED_DEVICE_FAMILY = "1,2";
				TEST_HOST = "$(BUILT_PRODUCTS_DIR)/Concentration.app/Concentration";
			};
			name = Debug;
		};
		942E637E21187F22001F6F4E /* Release */ = {
			isa = XCBuildConfiguration;
			buildSettings = {
				ALWAYS_EMBED_SWIFT_STANDARD_LIBRARIES = YES;
				BUNDLE_LOADER = "$(TEST_HOST)";
				CODE_SIGN_STYLE = Automatic;
				DEVELOPMENT_TEAM = 6U549U6Y2F;
				INFOPLIST_FILE = ConcentrationTests/Info.plist;
				LD_RUNPATH_SEARCH_PATHS = (
					"$(inherited)",
					"@executable_path/Frameworks",
					"@loader_path/Frameworks",
				);
				PRODUCT_BUNDLE_IDENTIFIER = acsw.ConcentrationTests;
				PRODUCT_NAME = "$(TARGET_NAME)";
				SWIFT_VERSION = 4.0;
				TARGETED_DEVICE_FAMILY = "1,2";
				TEST_HOST = "$(BUILT_PRODUCTS_DIR)/Concentration.app/Concentration";
			};
			name = Release;
		};
		942E638021187F22001F6F4E /* Debug */ = {
			isa = XCBuildConfiguration;
			buildSettings = {
				ALWAYS_EMBED_SWIFT_STANDARD_LIBRARIES = YES;
				CODE_SIGN_STYLE = Automatic;
				DEVELOPMENT_TEAM = 6U549U6Y2F;
				INFOPLIST_FILE = ConcentrationUITests/Info.plist;
				LD_RUNPATH_SEARCH_PATHS = (
					"$(inherited)",
					"@executable_path/Frameworks",
					"@loader_path/Frameworks",
				);
				PRODUCT_BUNDLE_IDENTIFIER = acsw.ConcentrationUITests;
				PRODUCT_NAME = "$(TARGET_NAME)";
				SWIFT_VERSION = 4.0;
				TARGETED_DEVICE_FAMILY = "1,2";
				TEST_TARGET_NAME = Concentration;
			};
			name = Debug;
		};
		942E638121187F22001F6F4E /* Release */ = {
			isa = XCBuildConfiguration;
			buildSettings = {
				ALWAYS_EMBED_SWIFT_STANDARD_LIBRARIES = YES;
				CODE_SIGN_STYLE = Automatic;
				DEVELOPMENT_TEAM = 6U549U6Y2F;
				INFOPLIST_FILE = ConcentrationUITests/Info.plist;
				LD_RUNPATH_SEARCH_PATHS = (
					"$(inherited)",
					"@executable_path/Frameworks",
					"@loader_path/Frameworks",
				);
				PRODUCT_BUNDLE_IDENTIFIER = acsw.ConcentrationUITests;
				PRODUCT_NAME = "$(TARGET_NAME)";
				SWIFT_VERSION = 4.0;
				TARGETED_DEVICE_FAMILY = "1,2";
				TEST_TARGET_NAME = Concentration;
			};
			name = Release;
		};
/* End XCBuildConfiguration section */

/* Begin XCConfigurationList section */
		942E634C21187F21001F6F4E /* Build configuration list for PBXProject "Concentration" */ = {
			isa = XCConfigurationList;
			buildConfigurations = (
				942E637721187F22001F6F4E /* Debug */,
				942E637821187F22001F6F4E /* Release */,
			);
			defaultConfigurationIsVisible = 0;
			defaultConfigurationName = Release;
		};
		942E637921187F22001F6F4E /* Build configuration list for PBXNativeTarget "Concentration" */ = {
			isa = XCConfigurationList;
			buildConfigurations = (
				942E637A21187F22001F6F4E /* Debug */,
				942E637B21187F22001F6F4E /* Release */,
			);
			defaultConfigurationIsVisible = 0;
			defaultConfigurationName = Release;
		};
		942E637C21187F22001F6F4E /* Build configuration list for PBXNativeTarget "ConcentrationTests" */ = {
			isa = XCConfigurationList;
			buildConfigurations = (
				942E637D21187F22001F6F4E /* Debug */,
				942E637E21187F22001F6F4E /* Release */,
			);
			defaultConfigurationIsVisible = 0;
			defaultConfigurationName = Release;
		};
		942E637F21187F22001F6F4E /* Build configuration list for PBXNativeTarget "ConcentrationUITests" */ = {
			isa = XCConfigurationList;
			buildConfigurations = (
				942E638021187F22001F6F4E /* Debug */,
				942E638121187F22001F6F4E /* Release */,
			);
			defaultConfigurationIsVisible = 0;
			defaultConfigurationName = Release;
		};
/* End XCConfigurationList section */
	};
	rootObject = 942E634921187F21001F6F4E /* Project object */;
}
